# This file is automatically @generated by Cargo.
# It is not intended for manual editing.
version = 4

[[package]]
name = "bf-compiler"
version = "0.1.0"
dependencies = [
 "bf-interpreter",
]

[[package]]
name = "bf-frame-experiment"
version = "0.1.0"
dependencies = [
 "bf-interpreter",
]

[[package]]
name = "bf-interpreter"
version = "0.1.0"
